Microsoft Visual Studio Solution File, Format Version 12.00
# Visual Studio Version 17
VisualStudioVersion = 17.5.2.0
MinimumVisualStudioVersion = 10.0.40219.1
Project("{FAE04EC0-301F-11D3-BF4B-00C04F79EFBC}") = "Pkcs11Interop.Maui", "Pkcs11Interop.Maui.csproj", "{C6B7AD5C-D65B-60D6-3A5B-D0669D64BBCD}"
EndProject
Global
	GlobalSection(SolutionConfigurationPlatforms) = preSolution
		Debug|Any CPU = Debug|Any CPU
		Release|Any CPU = Release|Any CPU
	EndGlobalSection
	GlobalSection(ProjectConfigurationPlatforms) = postSolution
		{C6B7AD5C-D65B-60D6-3A5B-D0669D64BBCD}.Debug|Any CPU.ActiveCfg = Debug|Any CPU
		{C6B7AD5C-D65B-60D6-3A5B-D0669D64BBCD}.Debug|Any CPU.Build.0 = Debug|Any CPU
		{C6B7AD5C-D65B-60D6-3A5B-D0669D64BBCD}.Release|Any CPU.ActiveCfg = Release|Any CPU
		{C6B7AD5C-D65B-60D6-3A5B-D0669D64BBCD}.Release|Any CPU.Build.0 = Release|Any CPU
	EndGlobalSection
	GlobalSection(SolutionProperties) = preSolution
		HideSolutionNode = FALSE
	EndGlobalSection
	GlobalSection(ExtensibilityGlobals) = postSolution
		SolutionGuid = {F6B842CD-0ED0-4E99-800A-4FA24A0D638B}
	EndGlobalSection
EndGlobal
